
Microsoft Visual Studio Solution File, Format Version 12.00
# Visual Studio Version 17
VisualStudioVersion = 17.0.32112.339
MinimumVisualStudioVersion = 10.0.40219.1
Project("{9A19103F-16F7-4668-BE54-9A1E7A4F7556}") = "AmeriForce", "AmeriForce.csproj", "{F74222C1-BE17-47C9-897F-499971147AA3}"
EndProject
Project("{9A19103F-16F7-4668-BE54-9A1E7A4F7556}") = "AmeriForce.Data", "..\AmeriForce.Data\AmeriForce.Data.csproj", "{7A6F4CC3-4A6A-4F2D-BE05-C3BA6F131FA3}"
EndProject
Project("{FAE04EC0-301F-11D3-BF4B-00C04F79EFBC}") = "AmeriForce.ReportCreator", "..\AmeriForce.ReportCreator\AmeriForce.ReportCreator.csproj", "{65F990F5-279D-49AD-B6E5-A0DAE225A9A1}"
EndProject
Project("{9A19103F-16F7-4668-BE54-9A1E7A4F7556}") = "Ameriforce.Testing", "..\Ameriforce.Testing\Ameriforce.Testing.csproj", "{51ABE1A9-2FCA-45F0-BABE-78DADA518DCF}"
EndProject
Project("{FAE04EC0-301F-11D3-BF4B-00C04F79EFBC}") = "AmeriForce.EmailServer", "..\AmeriForce.EmailServer\AmeriForce.EmailServer.csproj", "{CEC29FA9-3A34-41A1-8EAF-BDEE54793568}"
EndProject
Global
	GlobalSection(SolutionConfigurationPlatforms) = preSolution
		Debug|Any CPU = Debug|Any CPU
		Release|Any CPU = Release|Any CPU
	EndGlobalSection
	GlobalSection(ProjectConfigurationPlatforms) = postSolution
		{F74222C1-BE17-47C9-897F-499971147AA3}.Debug|Any CPU.ActiveCfg = Debug|Any CPU
		{F74222C1-BE17-47C9-897F-499971147AA3}.Debug|Any CPU.Build.0 = Debug|Any CPU
		{F74222C1-BE17-47C9-897F-499971147AA3}.Release|Any CPU.ActiveCfg = Release|Any CPU
		{F74222C1-BE17-47C9-897F-499971147AA3}.Release|Any CPU.Build.0 = Release|Any CPU
		{7A6F4CC3-4A6A-4F2D-BE05-C3BA6F131FA3}.Debug|Any CPU.ActiveCfg = Debug|Any CPU
		{7A6F4CC3-4A6A-4F2D-BE05-C3BA6F131FA3}.Debug|Any CPU.Build.0 = Debug|Any CPU
		{7A6F4CC3-4A6A-4F2D-BE05-C3BA6F131FA3}.Release|Any CPU.ActiveCfg = Release|Any CPU
		{7A6F4CC3-4A6A-4F2D-BE05-C3BA6F131FA3}.Release|Any CPU.Build.0 = Release|Any CPU
		{65F990F5-279D-49AD-B6E5-A0DAE225A9A1}.Debug|Any CPU.ActiveCfg = Debug|Any CPU
		{65F990F5-279D-49AD-B6E5-A0DAE225A9A1}.Debug|Any CPU.Build.0 = Debug|Any CPU
		{65F990F5-279D-49AD-B6E5-A0DAE225A9A1}.Release|Any CPU.ActiveCfg = Release|Any CPU
		{65F990F5-279D-49AD-B6E5-A0DAE225A9A1}.Release|Any CPU.Build.0 = Release|Any CPU
		{51ABE1A9-2FCA-45F0-BABE-78DADA518DCF}.Debug|Any CPU.ActiveCfg = Debug|Any CPU
		{51ABE1A9-2FCA-45F0-BABE-78DADA518DCF}.Debug|Any CPU.Build.0 = Debug|Any CPU
		{51ABE1A9-2FCA-45F0-BABE-78DADA518DCF}.Release|Any CPU.ActiveCfg = Release|Any CPU
		{51ABE1A9-2FCA-45F0-BABE-78DADA518DCF}.Release|Any CPU.Build.0 = Release|Any CPU
		{CEC29FA9-3A34-41A1-8EAF-BDEE54793568}.Debug|Any CPU.ActiveCfg = Debug|Any CPU
		{CEC29FA9-3A34-41A1-8EAF-BDEE54793568}.Debug|Any CPU.Build.0 = Debug|Any CPU
		{CEC29FA9-3A34-41A1-8EAF-BDEE54793568}.Release|Any CPU.ActiveCfg = Release|Any CPU
		{CEC29FA9-3A34-41A1-8EAF-BDEE54793568}.Release|Any CPU.Build.0 = Release|Any CPU
	EndGlobalSection
	GlobalSection(SolutionProperties) = preSolution
		HideSolutionNode = FALSE
	EndGlobalSection
	GlobalSection(ExtensibilityGlobals) = postSolution
		SolutionGuid = {B79C8142-F719-436F-A949-D2DE8FC4EC35}
	EndGlobalSection
EndGlobal
